
Microsoft Visual Studio Solution File, Format Version 10.00
# Visual Basic Express 2008
Project("{F184B08F-C81C-45F6-A57F-5ABD9991F28F}") = "USBRelay1_2_4_8Demo", "USBRelay1_2_4_8Demo.vbproj", "{CCBCAD65-059B-4056-A48B-48F2B2606A75}"
EndProject
Global
	GlobalSection(SolutionConfigurationPlatforms) = preSolution
		Debug|Any CPU = Debug|Any CPU
		Release|Any CPU = Release|Any CPU
	EndGlobalSection
	GlobalSection(ProjectConfigurationPlatforms) = postSolution
		{CCBCAD65-059B-4056-A48B-48F2B2606A75}.Debug|Any CPU.ActiveCfg = Debug|Any CPU
		{CCBCAD65-059B-4056-A48B-48F2B2606A75}.Debug|Any CPU.Build.0 = Debug|Any CPU
		{CCBCAD65-059B-4056-A48B-48F2B2606A75}.Release|Any CPU.ActiveCfg = Release|Any CPU
		{CCBCAD65-059B-4056-A48B-48F2B2606A75}.Release|Any CPU.Build.0 = Release|Any CPU
	EndGlobalSection
	GlobalSection(SolutionProperties) = preSolution
		HideSolutionNode = FALSE
	EndGlobalSection
EndGlobal
