
Microsoft Visual Studio Solution File, Format Version 11.00
# Visual C++ Express 2010
Project("{8BC9CEB8-8B4A-11D0-8D11-00A0C91BC942}") = "USBGpio16_32Demo", "USBGpio16_32Demo.vcxproj", "{E0E63DA8-2983-4E1C-A7CC-60EBD0987EAD}"
EndProject
Global
	GlobalSection(SolutionConfigurationPlatforms) = preSolution
		Debug|Win32 = Debug|Win32
		Release|Win32 = Release|Win32
	EndGlobalSection
	GlobalSection(ProjectConfigurationPlatforms) = postSolution
		{E0E63DA8-2983-4E1C-A7CC-60EBD0987EAD}.Debug|Win32.ActiveCfg = Debug|Win32
		{E0E63DA8-2983-4E1C-A7CC-60EBD0987EAD}.Debug|Win32.Build.0 = Debug|Win32
		{E0E63DA8-2983-4E1C-A7CC-60EBD0987EAD}.Release|Win32.ActiveCfg = Release|Win32
		{E0E63DA8-2983-4E1C-A7CC-60EBD0987EAD}.Release|Win32.Build.0 = Release|Win32
	EndGlobalSection
	GlobalSection(SolutionProperties) = preSolution
		HideSolutionNode = FALSE
	EndGlobalSection
EndGlobal
