
Microsoft Visual Studio Solution File, Format Version 10.00
# Visual C++ Express 2008
Project("{8BC9CEB8-8B4A-11D0-8D11-00A0C91BC942}") = "BluetoothGpio8Demo", "BluetoothGpio8Demo.vcproj", "{C90B2BD6-7164-40BA-9AAA-EA15CEAC0D1F}"
EndProject
Global
	GlobalSection(SolutionConfigurationPlatforms) = preSolution
		Debug|Win32 = Debug|Win32
		Release|Win32 = Release|Win32
	EndGlobalSection
	GlobalSection(ProjectConfigurationPlatforms) = postSolution
		{C90B2BD6-7164-40BA-9AAA-EA15CEAC0D1F}.Debug|Win32.ActiveCfg = Debug|Win32
		{C90B2BD6-7164-40BA-9AAA-EA15CEAC0D1F}.Debug|Win32.Build.0 = Debug|Win32
		{C90B2BD6-7164-40BA-9AAA-EA15CEAC0D1F}.Release|Win32.ActiveCfg = Release|Win32
		{C90B2BD6-7164-40BA-9AAA-EA15CEAC0D1F}.Release|Win32.Build.0 = Release|Win32
	EndGlobalSection
	GlobalSection(SolutionProperties) = preSolution
		HideSolutionNode = FALSE
	EndGlobalSection
EndGlobal
