
Microsoft Visual Studio Solution File, Format Version 12.00
# Visual Studio Express 2012 for Windows Desktop
Project("{FAE04EC0-301F-11D3-BF4B-00C04F79EFBC}") = "16ChannelUsbGpioModuleDemo", "16ChannelUsbGpioModuleDemo.csproj", "{181E90F4-8F08-4506-A758-8323DFDF035C}"
EndProject
Global
	GlobalSection(SolutionConfigurationPlatforms) = preSolution
		Debug|Any CPU = Debug|Any CPU
		Release|Any CPU = Release|Any CPU
	EndGlobalSection
	GlobalSection(ProjectConfigurationPlatforms) = postSolution
		{181E90F4-8F08-4506-A758-8323DFDF035C}.Debug|Any CPU.ActiveCfg = Debug|Any CPU
		{181E90F4-8F08-4506-A758-8323DFDF035C}.Debug|Any CPU.Build.0 = Debug|Any CPU
		{181E90F4-8F08-4506-A758-8323DFDF035C}.Release|Any CPU.ActiveCfg = Release|Any CPU
		{181E90F4-8F08-4506-A758-8323DFDF035C}.Release|Any CPU.Build.0 = Release|Any CPU
	EndGlobalSection
	GlobalSection(SolutionProperties) = preSolution
		HideSolutionNode = FALSE
	EndGlobalSection
EndGlobal
