
Microsoft Visual Studio Solution File, Format Version 12.00
# Visual Studio Express 2012 for Windows Desktop
Project("{FAE04EC0-301F-11D3-BF4B-00C04F79EFBC}") = "4ChannelUsbPoweredRelayModuleDemo", "4ChannelUsbPoweredRelayModuleDemo\4ChannelUsbPoweredRelayModuleDemo.csproj", "{B126D2C2-7DBC-421B-B231-F52B77376DC1}"
EndProject
Global
	GlobalSection(SolutionConfigurationPlatforms) = preSolution
		Debug|Any CPU = Debug|Any CPU
		Release|Any CPU = Release|Any CPU
	EndGlobalSection
	GlobalSection(ProjectConfigurationPlatforms) = postSolution
		{B126D2C2-7DBC-421B-B231-F52B77376DC1}.Debug|Any CPU.ActiveCfg = Debug|Any CPU
		{B126D2C2-7DBC-421B-B231-F52B77376DC1}.Debug|Any CPU.Build.0 = Debug|Any CPU
		{B126D2C2-7DBC-421B-B231-F52B77376DC1}.Release|Any CPU.ActiveCfg = Release|Any CPU
		{B126D2C2-7DBC-421B-B231-F52B77376DC1}.Release|Any CPU.Build.0 = Release|Any CPU
	EndGlobalSection
	GlobalSection(SolutionProperties) = preSolution
		HideSolutionNode = FALSE
	EndGlobalSection
EndGlobal
