
Microsoft Visual Studio Solution File, Format Version 10.00
# Visual C++ Express 2008
Project("{8BC9CEB8-8B4A-11D0-8D11-00A0C91BC942}") = "BluetoothRelay2_8Demo", "BluetoothRelay2_8Demo.vcproj", "{F96D3784-2C54-4251-94CB-0AC302BFE4C6}"
EndProject
Global
	GlobalSection(SolutionConfigurationPlatforms) = preSolution
		Debug|Win32 = Debug|Win32
		Release|Win32 = Release|Win32
	EndGlobalSection
	GlobalSection(ProjectConfigurationPlatforms) = postSolution
		{F96D3784-2C54-4251-94CB-0AC302BFE4C6}.Debug|Win32.ActiveCfg = Debug|Win32
		{F96D3784-2C54-4251-94CB-0AC302BFE4C6}.Debug|Win32.Build.0 = Debug|Win32
		{F96D3784-2C54-4251-94CB-0AC302BFE4C6}.Release|Win32.ActiveCfg = Release|Win32
		{F96D3784-2C54-4251-94CB-0AC302BFE4C6}.Release|Win32.Build.0 = Release|Win32
	EndGlobalSection
	GlobalSection(SolutionProperties) = preSolution
		HideSolutionNode = FALSE
	EndGlobalSection
EndGlobal
