
Microsoft Visual Studio Solution File, Format Version 10.00
# Visual C++ Express 2008
Project("{8BC9CEB8-8B4A-11D0-8D11-00A0C91BC942}") = "USBGpio8Demo", "USBGpio8Demo.vcproj", "{9EC5A50D-DE10-41EB-93DE-193A053D1F76}"
EndProject
Global
	GlobalSection(SolutionConfigurationPlatforms) = preSolution
		Debug|Win32 = Debug|Win32
		Release|Win32 = Release|Win32
	EndGlobalSection
	GlobalSection(ProjectConfigurationPlatforms) = postSolution
		{9EC5A50D-DE10-41EB-93DE-193A053D1F76}.Debug|Win32.ActiveCfg = Debug|Win32
		{9EC5A50D-DE10-41EB-93DE-193A053D1F76}.Debug|Win32.Build.0 = Debug|Win32
		{9EC5A50D-DE10-41EB-93DE-193A053D1F76}.Release|Win32.ActiveCfg = Release|Win32
		{9EC5A50D-DE10-41EB-93DE-193A053D1F76}.Release|Win32.Build.0 = Release|Win32
	EndGlobalSection
	GlobalSection(SolutionProperties) = preSolution
		HideSolutionNode = FALSE
	EndGlobalSection
EndGlobal
