
Microsoft Visual Studio Solution File, Format Version 12.00
# Visual Studio Express 2012 for Windows Desktop
Project("{FAE04EC0-301F-11D3-BF4B-00C04F79EFBC}") = "4ChannelUsbRelayModuleDemo", "4ChannelUsbRelayModuleDemo\4ChannelUsbRelayModuleDemo.csproj", "{57A1F4D9-088C-49EA-9183-0CE5CE106CE7}"
EndProject
Global
	GlobalSection(SolutionConfigurationPlatforms) = preSolution
		Debug|Any CPU = Debug|Any CPU
		Release|Any CPU = Release|Any CPU
	EndGlobalSection
	GlobalSection(ProjectConfigurationPlatforms) = postSolution
		{57A1F4D9-088C-49EA-9183-0CE5CE106CE7}.Debug|Any CPU.ActiveCfg = Debug|Any CPU
		{57A1F4D9-088C-49EA-9183-0CE5CE106CE7}.Debug|Any CPU.Build.0 = Debug|Any CPU
		{57A1F4D9-088C-49EA-9183-0CE5CE106CE7}.Release|Any CPU.ActiveCfg = Release|Any CPU
		{57A1F4D9-088C-49EA-9183-0CE5CE106CE7}.Release|Any CPU.Build.0 = Release|Any CPU
	EndGlobalSection
	GlobalSection(SolutionProperties) = preSolution
		HideSolutionNode = FALSE
	EndGlobalSection
EndGlobal
